{
    "version": 3,
    "terraform_version": "0.11.13",
    "serial": 18,
    "lineage": "df153b7b-5e1e-042b-24e0-dae511874708",
    "modules": [
        {
            "path": [
                "root"
            ],
            "outputs": {},
            "resources": {
                "aws_acm_certificate.main": {
                    "type": "aws_acm_certificate",
                    "depends_on": [],
                    "primary": {
                        "id": "arn:aws:acm:ap-northeast-1:589663166469:certificate/d6a219de-a2be-4dac-bac5-258ef0502dfb",
                        "attributes": {
                            "arn": "arn:aws:acm:ap-northeast-1:589663166469:certificate/d6a219de-a2be-4dac-bac5-258ef0502dfb",
                            "certificate_authority_arn": "",
                            "domain_name": "gr-pl.com",
                            "domain_validation_options.#": "1",
                            "domain_validation_options.0.domain_name": "gr-pl.com",
                            "domain_validation_options.0.resource_record_name": "_eda299437817ff24cdd3cf99854958d1.gr-pl.com.",
                            "domain_validation_options.0.resource_record_type": "CNAME",
                            "domain_validation_options.0.resource_record_value": "_6679bb58490c3b351025bf23105306a8.mzlfeqexyx.acm-validations.aws.",
                            "id": "arn:aws:acm:ap-northeast-1:589663166469:certificate/d6a219de-a2be-4dac-bac5-258ef0502dfb",
                            "options.#": "1",
                            "options.0.certificate_transparency_logging_preference": "ENABLED",
                            "subject_alternative_names.#": "0",
                            "tags.%": "0",
                            "validation_emails.#": "0",
                            "validation_method": "DNS"
                        },
                        "meta": {},
                        "tainted": false
                    },
                    "deposed": [],
                    "provider": "provider.aws"
                },
                "aws_acm_certificate_validation.main": {
                    "type": "aws_acm_certificate_validation",
                    "depends_on": [
                        "aws_acm_certificate.main",
                        "aws_route53_record.validation"
                    ],
                    "primary": {
                        "id": "2019-12-07 11:12:28 +0000 UTC",
                        "attributes": {
                            "certificate_arn": "arn:aws:acm:ap-northeast-1:589663166469:certificate/d6a219de-a2be-4dac-bac5-258ef0502dfb",
                            "id": "2019-12-07 11:12:28 +0000 UTC",
                            "validation_record_fqdns.#": "1",
                            "validation_record_fqdns.2356599164": "_eda299437817ff24cdd3cf99854958d1.gr-pl.com"
                        },
                        "meta": {
                            "e2bfb730-ecaa-11e6-8f88-34363bc7c4c0": {
                                "create": 2700000000000
                            }
                        },
                        "tainted": false
                    },
                    "deposed": [],
                    "provider": "provider.aws"
                },
                "aws_ecs_cluster.main": {
                    "type": "aws_ecs_cluster",
                    "depends_on": [],
                    "primary": {
                        "id": "arn:aws:ecs:ap-northeast-1:589663166469:cluster/handson",
                        "attributes": {
                            "arn": "arn:aws:ecs:ap-northeast-1:589663166469:cluster/handson",
                            "id": "arn:aws:ecs:ap-northeast-1:589663166469:cluster/handson",
                            "name": "handson",
                            "setting.#": "1",
                            "setting.1157067080.name": "containerInsights",
                            "setting.1157067080.value": "disabled",
                            "tags.%": "0"
                        },
                        "meta": {},
                        "tainted": false
                    },
                    "deposed": [],
                    "provider": "provider.aws"
                },
                "aws_ecs_service.main": {
                    "type": "aws_ecs_service",
                    "depends_on": [
                        "aws_ecs_cluster.main",
                        "aws_ecs_task_definition.main",
                        "aws_lb_listener_rule.main",
                        "aws_lb_target_group.main",
                        "aws_security_group.ecs",
                        "aws_subnet.private_1a",
                        "aws_subnet.private_1c",
                        "aws_subnet.private_1d"
                    ],
                    "primary": {
                        "id": "arn:aws:ecs:ap-northeast-1:589663166469:service/handson",
                        "attributes": {
                            "cluster": "handson",
                            "deployment_controller.#": "1",
                            "deployment_controller.0.type": "ECS",
                            "deployment_maximum_percent": "200",
                            "deployment_minimum_healthy_percent": "100",
                            "desired_count": "1",
                            "enable_ecs_managed_tags": "false",
                            "health_check_grace_period_seconds": "0",
                            "iam_role": "aws-service-role",
                            "id": "arn:aws:ecs:ap-northeast-1:589663166469:service/handson",
                            "launch_type": "FARGATE",
                            "load_balancer.#": "1",
                            "load_balancer.982137552.container_name": "nginx",
                            "load_balancer.982137552.container_port": "80",
                            "load_balancer.982137552.elb_name": "",
                            "load_balancer.982137552.target_group_arn": "arn:aws:elasticloadbalancing:ap-northeast-1:589663166469:targetgroup/handson/f3d460a3817a21a7",
                            "name": "handson",
                            "network_configuration.#": "1",
                            "network_configuration.0.assign_public_ip": "false",
                            "network_configuration.0.security_groups.#": "1",
                            "network_configuration.0.security_groups.943984082": "sg-0830274f488afeeb8",
                            "network_configuration.0.subnets.#": "3",
                            "network_configuration.0.subnets.2107836524": "subnet-0a82e417bf40be5a5",
                            "network_configuration.0.subnets.362213130": "subnet-06ed531b3bd323552",
                            "network_configuration.0.subnets.847384777": "subnet-0760d78d3a7dd0f31",
                            "ordered_placement_strategy.#": "0",
                            "placement_constraints.#": "0",
                            "placement_strategy.#": "0",
                            "platform_version": "LATEST",
                            "propagate_tags": "NONE",
                            "scheduling_strategy": "REPLICA",
                            "service_registries.#": "0",
                            "tags.%": "0",
                            "task_definition": "arn:aws:ecs:ap-northeast-1:589663166469:task-definition/handson:1"
                        },
                        "meta": {},
                        "tainted": false
                    },
                    "deposed": [],
                    "provider": "provider.aws"
                },
                "aws_ecs_task_definition.main": {
                    "type": "aws_ecs_task_definition",
                    "depends_on": [],
                    "primary": {
                        "id": "handson",
                        "attributes": {
                            "arn": "arn:aws:ecs:ap-northeast-1:589663166469:task-definition/handson:1",
                            "container_definitions": "[{\"cpu\":0,\"environment\":[],\"essential\":true,\"image\":\"nginx:1.14\",\"mountPoints\":[],\"name\":\"nginx\",\"portMappings\":[{\"containerPort\":80,\"hostPort\":80,\"protocol\":\"tcp\"}],\"volumesFrom\":[]}]",
                            "cpu": "256",
                            "execution_role_arn": "",
                            "family": "handson",
                            "id": "handson",
                            "memory": "512",
                            "network_mode": "awsvpc",
                            "placement_constraints.#": "0",
                            "proxy_configuration.#": "0",
                            "requires_compatibilities.#": "1",
                            "requires_compatibilities.3072437307": "FARGATE",
                            "revision": "1",
                            "tags.%": "0",
                            "task_role_arn": "",
                            "volume.#": "0"
                        },
                        "meta": {
                            "schema_version": "1"
                        },
                        "tainted": false
                    },
                    "deposed": [],
                    "provider": "provider.aws"
                },
                "aws_eip.nat_1a": {
                    "type": "aws_eip",
                    "depends_on": [],
                    "primary": {
                        "id": "eipalloc-0ff6a2af4776a5d5e",
                        "attributes": {
                            "association_id": "eipassoc-02eb45b6d40e4fb9d",
                            "domain": "vpc",
                            "id": "eipalloc-0ff6a2af4776a5d5e",
                            "instance": "",
                            "network_interface": "eni-0c4cb318c809c5799",
                            "private_dns": "ip-10-2-1-236.ap-northeast-1.compute.internal",
                            "private_ip": "10.2.1.236",
                            "public_dns": "ec2-52-69-102-124.ap-northeast-1.compute.amazonaws.com",
                            "public_ip": "52.69.102.124",
                            "public_ipv4_pool": "amazon",
                            "tags.%": "1",
                            "tags.Name": "handson-natgw-1a",
                            "vpc": "true"
                        },
                        "meta": {
                            "e2bfb730-ecaa-11e6-8f88-34363bc7c4c0": {
                                "delete": 180000000000,
                                "read": 900000000000,
                                "update": 300000000000
                            }
                        },
                        "tainted": false
                    },
                    "deposed": [],
                    "provider": "provider.aws"
                },
                "aws_eip.nat_1c": {
                    "type": "aws_eip",
                    "depends_on": [],
                    "primary": {
                        "id": "eipalloc-08c21c64a6f1181ff",
                        "attributes": {
                            "association_id": "eipassoc-00ac64d295e321329",
                            "domain": "vpc",
                            "id": "eipalloc-08c21c64a6f1181ff",
                            "instance": "",
                            "network_interface": "eni-01acf9ca3400f355f",
                            "private_dns": "ip-10-2-2-179.ap-northeast-1.compute.internal",
                            "private_ip": "10.2.2.179",
                            "public_dns": "ec2-52-196-113-73.ap-northeast-1.compute.amazonaws.com",
                            "public_ip": "52.196.113.73",
                            "public_ipv4_pool": "amazon",
                            "tags.%": "1",
                            "tags.Name": "handson-natgw-1c",
                            "vpc": "true"
                        },
                        "meta": {
                            "e2bfb730-ecaa-11e6-8f88-34363bc7c4c0": {
                                "delete": 180000000000,
                                "read": 900000000000,
                                "update": 300000000000
                            }
                        },
                        "tainted": false
                    },
                    "deposed": [],
                    "provider": "provider.aws"
                },
                "aws_eip.nat_1d": {
                    "type": "aws_eip",
                    "depends_on": [],
                    "primary": {
                        "id": "eipalloc-0d70c1767c0b385e5",
                        "attributes": {
                            "association_id": "eipassoc-0ea26fee3b4b21367",
                            "domain": "vpc",
                            "id": "eipalloc-0d70c1767c0b385e5",
                            "instance": "",
                            "network_interface": "eni-0cb854a6d6f78e701",
                            "private_dns": "ip-10-2-3-216.ap-northeast-1.compute.internal",
                            "private_ip": "10.2.3.216",
                            "public_dns": "ec2-18-177-8-170.ap-northeast-1.compute.amazonaws.com",
                            "public_ip": "18.177.8.170",
                            "public_ipv4_pool": "amazon",
                            "tags.%": "1",
                            "tags.Name": "handson-natgw-1d",
                            "vpc": "true"
                        },
                        "meta": {
                            "e2bfb730-ecaa-11e6-8f88-34363bc7c4c0": {
                                "delete": 180000000000,
                                "read": 900000000000,
                                "update": 300000000000
                            }
                        },
                        "tainted": false
                    },
                    "deposed": [],
                    "provider": "provider.aws"
                },
                "aws_internet_gateway.main": {
                    "type": "aws_internet_gateway",
                    "depends_on": [
                        "aws_vpc.main"
                    ],
                    "primary": {
                        "id": "igw-0189ece903344af5e",
                        "attributes": {
                            "id": "igw-0189ece903344af5e",
                            "owner_id": "589663166469",
                            "tags.%": "1",
                            "tags.Name": "handson",
                            "vpc_id": "vpc-032610d956deeee87"
                        },
                        "meta": {},
                        "tainted": false
                    },
                    "deposed": [],
                    "provider": "provider.aws"
                },
                "aws_lb.main": {
                    "type": "aws_lb",
                    "depends_on": [
                        "aws_security_group.alb",
                        "aws_subnet.public_1a",
                        "aws_subnet.public_1c",
                        "aws_subnet.public_1d"
                    ],
                    "primary": {
                        "id": "arn:aws:elasticloadbalancing:ap-northeast-1:589663166469:loadbalancer/app/handson/f5157a5646948e56",
                        "attributes": {
                            "access_logs.#": "1",
                            "access_logs.0.bucket": "",
                            "access_logs.0.enabled": "false",
                            "access_logs.0.prefix": "",
                            "arn": "arn:aws:elasticloadbalancing:ap-northeast-1:589663166469:loadbalancer/app/handson/f5157a5646948e56",
                            "arn_suffix": "app/handson/f5157a5646948e56",
                            "dns_name": "handson-299926204.ap-northeast-1.elb.amazonaws.com",
                            "enable_deletion_protection": "false",
                            "enable_http2": "true",
                            "id": "arn:aws:elasticloadbalancing:ap-northeast-1:589663166469:loadbalancer/app/handson/f5157a5646948e56",
                            "idle_timeout": "60",
                            "internal": "false",
                            "ip_address_type": "ipv4",
                            "load_balancer_type": "application",
                            "name": "handson",
                            "security_groups.#": "1",
                            "security_groups.737888041": "sg-085fc89441a209188",
                            "subnet_mapping.#": "3",
                            "subnet_mapping.1662235537.allocation_id": "",
                            "subnet_mapping.1662235537.subnet_id": "subnet-08419796a0c3c7e6b",
                            "subnet_mapping.3238871442.allocation_id": "",
                            "subnet_mapping.3238871442.subnet_id": "subnet-075e4bb0359ef1622",
                            "subnet_mapping.622131975.allocation_id": "",
                            "subnet_mapping.622131975.subnet_id": "subnet-0f96c60467c04239b",
                            "subnets.#": "3",
                            "subnets.1664502069": "subnet-075e4bb0359ef1622",
                            "subnets.1950603193": "subnet-0f96c60467c04239b",
                            "subnets.448083990": "subnet-08419796a0c3c7e6b",
                            "tags.%": "0",
                            "vpc_id": "vpc-032610d956deeee87",
                            "zone_id": "Z14GRHDCWA56QT"
                        },
                        "meta": {
                            "e2bfb730-ecaa-11e6-8f88-34363bc7c4c0": {
                                "create": 600000000000,
                                "delete": 600000000000,
                                "update": 600000000000
                            }
                        },
                        "tainted": false
                    },
                    "deposed": [],
                    "provider": "provider.aws"
                },
                "aws_lb_listener.https": {
                    "type": "aws_lb_listener",
                    "depends_on": [
                        "aws_acm_certificate.main",
                        "aws_lb.main",
                        "aws_lb_target_group.main"
                    ],
                    "primary": {
                        "id": "arn:aws:elasticloadbalancing:ap-northeast-1:589663166469:listener/app/handson/f5157a5646948e56/962c326fe84e2c16",
                        "attributes": {
                            "arn": "arn:aws:elasticloadbalancing:ap-northeast-1:589663166469:listener/app/handson/f5157a5646948e56/962c326fe84e2c16",
                            "certificate_arn": "arn:aws:acm:ap-northeast-1:589663166469:certificate/d6a219de-a2be-4dac-bac5-258ef0502dfb",
                            "default_action.#": "1",
                            "default_action.0.authenticate_cognito.#": "0",
                            "default_action.0.authenticate_oidc.#": "0",
                            "default_action.0.fixed_response.#": "0",
                            "default_action.0.order": "1",
                            "default_action.0.redirect.#": "0",
                            "default_action.0.target_group_arn": "arn:aws:elasticloadbalancing:ap-northeast-1:589663166469:targetgroup/handson/f3d460a3817a21a7",
                            "default_action.0.type": "forward",
                            "id": "arn:aws:elasticloadbalancing:ap-northeast-1:589663166469:listener/app/handson/f5157a5646948e56/962c326fe84e2c16",
                            "load_balancer_arn": "arn:aws:elasticloadbalancing:ap-northeast-1:589663166469:loadbalancer/app/handson/f5157a5646948e56",
                            "port": "443",
                            "protocol": "HTTPS",
                            "ssl_policy": "ELBSecurityPolicy-2016-08"
                        },
                        "meta": {
                            "e2bfb730-ecaa-11e6-8f88-34363bc7c4c0": {
                                "read": 600000000000
                            }
                        },
                        "tainted": false
                    },
                    "deposed": [],
                    "provider": "provider.aws"
                },
                "aws_lb_listener.main": {
                    "type": "aws_lb_listener",
                    "depends_on": [
                        "aws_lb.main"
                    ],
                    "primary": {
                        "id": "arn:aws:elasticloadbalancing:ap-northeast-1:589663166469:listener/app/handson/f5157a5646948e56/5ead83454d104bf6",
                        "attributes": {
                            "arn": "arn:aws:elasticloadbalancing:ap-northeast-1:589663166469:listener/app/handson/f5157a5646948e56/5ead83454d104bf6",
                            "default_action.#": "1",
                            "default_action.0.authenticate_cognito.#": "0",
                            "default_action.0.authenticate_oidc.#": "0",
                            "default_action.0.fixed_response.#": "1",
                            "default_action.0.fixed_response.0.content_type": "text/plain",
                            "default_action.0.fixed_response.0.message_body": "ok",
                            "default_action.0.fixed_response.0.status_code": "200",
                            "default_action.0.order": "1",
                            "default_action.0.redirect.#": "0",
                            "default_action.0.target_group_arn": "",
                            "default_action.0.type": "fixed-response",
                            "id": "arn:aws:elasticloadbalancing:ap-northeast-1:589663166469:listener/app/handson/f5157a5646948e56/5ead83454d104bf6",
                            "load_balancer_arn": "arn:aws:elasticloadbalancing:ap-northeast-1:589663166469:loadbalancer/app/handson/f5157a5646948e56",
                            "port": "80",
                            "protocol": "HTTP",
                            "ssl_policy": ""
                        },
                        "meta": {
                            "e2bfb730-ecaa-11e6-8f88-34363bc7c4c0": {
                                "read": 600000000000
                            }
                        },
                        "tainted": false
                    },
                    "deposed": [],
                    "provider": "provider.aws"
                },
                "aws_lb_listener_rule.http_to_https": {
                    "type": "aws_lb_listener_rule",
                    "depends_on": [
                        "aws_lb_listener.main"
                    ],
                    "primary": {
                        "id": "arn:aws:elasticloadbalancing:ap-northeast-1:589663166469:listener-rule/app/handson/f5157a5646948e56/5ead83454d104bf6/12ddfbf2028991c1",
                        "attributes": {
                            "action.#": "1",
                            "action.0.authenticate_cognito.#": "0",
                            "action.0.authenticate_oidc.#": "0",
                            "action.0.fixed_response.#": "0",
                            "action.0.order": "1",
                            "action.0.redirect.#": "1",
                            "action.0.redirect.0.host": "#{host}",
                            "action.0.redirect.0.path": "/#{path}",
                            "action.0.redirect.0.port": "443",
                            "action.0.redirect.0.protocol": "HTTPS",
                            "action.0.redirect.0.query": "#{query}",
                            "action.0.redirect.0.status_code": "HTTP_301",
                            "action.0.target_group_arn": "",
                            "action.0.type": "redirect",
                            "arn": "arn:aws:elasticloadbalancing:ap-northeast-1:589663166469:listener-rule/app/handson/f5157a5646948e56/5ead83454d104bf6/12ddfbf2028991c1",
                            "condition.#": "1",
                            "condition.382868204.field": "host-header",
                            "condition.382868204.values.#": "1",
                            "condition.382868204.values.0": "gr-pl.com",
                            "id": "arn:aws:elasticloadbalancing:ap-northeast-1:589663166469:listener-rule/app/handson/f5157a5646948e56/5ead83454d104bf6/12ddfbf2028991c1",
                            "listener_arn": "arn:aws:elasticloadbalancing:ap-northeast-1:589663166469:listener/app/handson/f5157a5646948e56/5ead83454d104bf6",
                            "priority": "99"
                        },
                        "meta": {},
                        "tainted": false
                    },
                    "deposed": [],
                    "provider": "provider.aws"
                },
                "aws_lb_listener_rule.main": {
                    "type": "aws_lb_listener_rule",
                    "depends_on": [
                        "aws_lb_listener.main",
                        "aws_lb_target_group.main"
                    ],
                    "primary": {
                        "id": "arn:aws:elasticloadbalancing:ap-northeast-1:589663166469:listener-rule/app/handson/f5157a5646948e56/5ead83454d104bf6/44063df69bfd877f",
                        "attributes": {
                            "action.#": "1",
                            "action.0.authenticate_cognito.#": "0",
                            "action.0.authenticate_oidc.#": "0",
                            "action.0.fixed_response.#": "0",
                            "action.0.order": "1",
                            "action.0.redirect.#": "0",
                            "action.0.target_group_arn": "arn:aws:elasticloadbalancing:ap-northeast-1:589663166469:targetgroup/handson/f3d460a3817a21a7",
                            "action.0.type": "forward",
                            "arn": "arn:aws:elasticloadbalancing:ap-northeast-1:589663166469:listener-rule/app/handson/f5157a5646948e56/5ead83454d104bf6/44063df69bfd877f",
                            "condition.#": "1",
                            "condition.1746742835.field": "path-pattern",
                            "condition.1746742835.values.#": "1",
                            "condition.1746742835.values.0": "*",
                            "id": "arn:aws:elasticloadbalancing:ap-northeast-1:589663166469:listener-rule/app/handson/f5157a5646948e56/5ead83454d104bf6/44063df69bfd877f",
                            "listener_arn": "arn:aws:elasticloadbalancing:ap-northeast-1:589663166469:listener/app/handson/f5157a5646948e56/5ead83454d104bf6",
                            "priority": "100"
                        },
                        "meta": {},
                        "tainted": false
                    },
                    "deposed": [],
                    "provider": "provider.aws"
                },
                "aws_lb_target_group.main": {
                    "type": "aws_lb_target_group",
                    "depends_on": [
                        "aws_vpc.main"
                    ],
                    "primary": {
                        "id": "arn:aws:elasticloadbalancing:ap-northeast-1:589663166469:targetgroup/handson/f3d460a3817a21a7",
                        "attributes": {
                            "arn": "arn:aws:elasticloadbalancing:ap-northeast-1:589663166469:targetgroup/handson/f3d460a3817a21a7",
                            "arn_suffix": "targetgroup/handson/f3d460a3817a21a7",
                            "deregistration_delay": "300",
                            "health_check.#": "1",
                            "health_check.0.enabled": "true",
                            "health_check.0.healthy_threshold": "3",
                            "health_check.0.interval": "30",
                            "health_check.0.matcher": "200",
                            "health_check.0.path": "/",
                            "health_check.0.port": "80",
                            "health_check.0.protocol": "HTTP",
                            "health_check.0.timeout": "5",
                            "health_check.0.unhealthy_threshold": "3",
                            "id": "arn:aws:elasticloadbalancing:ap-northeast-1:589663166469:targetgroup/handson/f3d460a3817a21a7",
                            "lambda_multi_value_headers_enabled": "false",
                            "name": "handson",
                            "port": "80",
                            "protocol": "HTTP",
                            "proxy_protocol_v2": "false",
                            "slow_start": "0",
                            "stickiness.#": "1",
                            "stickiness.0.cookie_duration": "86400",
                            "stickiness.0.enabled": "false",
                            "stickiness.0.type": "lb_cookie",
                            "tags.%": "0",
                            "target_type": "ip",
                            "vpc_id": "vpc-032610d956deeee87"
                        },
                        "meta": {},
                        "tainted": false
                    },
                    "deposed": [],
                    "provider": "provider.aws"
                },
                "aws_nat_gateway.nat_1a": {
                    "type": "aws_nat_gateway",
                    "depends_on": [
                        "aws_eip.nat_1a",
                        "aws_subnet.public_1a"
                    ],
                    "primary": {
                        "id": "nat-028844a7c2868de06",
                        "attributes": {
                            "allocation_id": "eipalloc-0ff6a2af4776a5d5e",
                            "id": "nat-028844a7c2868de06",
                            "network_interface_id": "eni-0c4cb318c809c5799",
                            "private_ip": "10.2.1.236",
                            "public_ip": "52.69.102.124",
                            "subnet_id": "subnet-0f96c60467c04239b",
                            "tags.%": "1",
                            "tags.Name": "handson-1a"
                        },
                        "meta": {},
                        "tainted": false
                    },
                    "deposed": [],
                    "provider": "provider.aws"
                },
                "aws_nat_gateway.nat_1c": {
                    "type": "aws_nat_gateway",
                    "depends_on": [
                        "aws_eip.nat_1c",
                        "aws_subnet.public_1c"
                    ],
                    "primary": {
                        "id": "nat-084ac1afb4a2261ba",
                        "attributes": {
                            "allocation_id": "eipalloc-08c21c64a6f1181ff",
                            "id": "nat-084ac1afb4a2261ba",
                            "network_interface_id": "eni-01acf9ca3400f355f",
                            "private_ip": "10.2.2.179",
                            "public_ip": "52.196.113.73",
                            "subnet_id": "subnet-08419796a0c3c7e6b",
                            "tags.%": "1",
                            "tags.Name": "handson-1c"
                        },
                        "meta": {},
                        "tainted": false
                    },
                    "deposed": [],
                    "provider": "provider.aws"
                },
                "aws_nat_gateway.nat_1d": {
                    "type": "aws_nat_gateway",
                    "depends_on": [
                        "aws_eip.nat_1d",
                        "aws_subnet.public_1d"
                    ],
                    "primary": {
                        "id": "nat-075e9a55390883c41",
                        "attributes": {
                            "allocation_id": "eipalloc-0d70c1767c0b385e5",
                            "id": "nat-075e9a55390883c41",
                            "network_interface_id": "eni-0cb854a6d6f78e701",
                            "private_ip": "10.2.3.216",
                            "public_ip": "18.177.8.170",
                            "subnet_id": "subnet-075e4bb0359ef1622",
                            "tags.%": "1",
                            "tags.Name": "handson-1d"
                        },
                        "meta": {},
                        "tainted": false
                    },
                    "deposed": [],
                    "provider": "provider.aws"
                },
                "aws_route.private_1a": {
                    "type": "aws_route",
                    "depends_on": [
                        "aws_nat_gateway.nat_1a",
                        "aws_route_table.private_1a"
                    ],
                    "primary": {
                        "id": "r-rtb-0941d33366bf0112d1080289494",
                        "attributes": {
                            "destination_cidr_block": "0.0.0.0/0",
                            "destination_prefix_list_id": "",
                            "egress_only_gateway_id": "",
                            "gateway_id": "",
                            "id": "r-rtb-0941d33366bf0112d1080289494",
                            "instance_id": "",
                            "instance_owner_id": "",
                            "nat_gateway_id": "nat-028844a7c2868de06",
                            "network_interface_id": "",
                            "origin": "CreateRoute",
                            "route_table_id": "rtb-0941d33366bf0112d",
                            "state": "active",
                            "transit_gateway_id": "",
                            "vpc_peering_connection_id": ""
                        },
                        "meta": {
                            "e2bfb730-ecaa-11e6-8f88-34363bc7c4c0": {
                                "create": 120000000000,
                                "delete": 300000000000
                            }
                        },
                        "tainted": false
                    },
                    "deposed": [],
                    "provider": "provider.aws"
                },
                "aws_route.private_1c": {
                    "type": "aws_route",
                    "depends_on": [
                        "aws_nat_gateway.nat_1c",
                        "aws_route_table.private_1c"
                    ],
                    "primary": {
                        "id": "r-rtb-061e70ba951bd76db1080289494",
                        "attributes": {
                            "destination_cidr_block": "0.0.0.0/0",
                            "destination_prefix_list_id": "",
                            "egress_only_gateway_id": "",
                            "gateway_id": "",
                            "id": "r-rtb-061e70ba951bd76db1080289494",
                            "instance_id": "",
                            "instance_owner_id": "",
                            "nat_gateway_id": "nat-084ac1afb4a2261ba",
                            "network_interface_id": "",
                            "origin": "CreateRoute",
                            "route_table_id": "rtb-061e70ba951bd76db",
                            "state": "active",
                            "transit_gateway_id": "",
                            "vpc_peering_connection_id": ""
                        },
                        "meta": {
                            "e2bfb730-ecaa-11e6-8f88-34363bc7c4c0": {
                                "create": 120000000000,
                                "delete": 300000000000
                            }
                        },
                        "tainted": false
                    },
                    "deposed": [],
                    "provider": "provider.aws"
                },
                "aws_route.private_1d": {
                    "type": "aws_route",
                    "depends_on": [
                        "aws_nat_gateway.nat_1d",
                        "aws_route_table.private_1d"
                    ],
                    "primary": {
                        "id": "r-rtb-015f4383b74a2bed11080289494",
                        "attributes": {
                            "destination_cidr_block": "0.0.0.0/0",
                            "destination_prefix_list_id": "",
                            "egress_only_gateway_id": "",
                            "gateway_id": "",
                            "id": "r-rtb-015f4383b74a2bed11080289494",
                            "instance_id": "",
                            "instance_owner_id": "",
                            "nat_gateway_id": "nat-075e9a55390883c41",
                            "network_interface_id": "",
                            "origin": "CreateRoute",
                            "route_table_id": "rtb-015f4383b74a2bed1",
                            "state": "active",
                            "transit_gateway_id": "",
                            "vpc_peering_connection_id": ""
                        },
                        "meta": {
                            "e2bfb730-ecaa-11e6-8f88-34363bc7c4c0": {
                                "create": 120000000000,
                                "delete": 300000000000
                            }
                        },
                        "tainted": false
                    },
                    "deposed": [],
                    "provider": "provider.aws"
                },
                "aws_route.public": {
                    "type": "aws_route",
                    "depends_on": [
                        "aws_internet_gateway.main",
                        "aws_route_table.public"
                    ],
                    "primary": {
                        "id": "r-rtb-0fa2b989e734304fc1080289494",
                        "attributes": {
                            "destination_cidr_block": "0.0.0.0/0",
                            "destination_prefix_list_id": "",
                            "egress_only_gateway_id": "",
                            "gateway_id": "igw-0189ece903344af5e",
                            "id": "r-rtb-0fa2b989e734304fc1080289494",
                            "instance_id": "",
                            "instance_owner_id": "",
                            "nat_gateway_id": "",
                            "network_interface_id": "",
                            "origin": "CreateRoute",
                            "route_table_id": "rtb-0fa2b989e734304fc",
                            "state": "active",
                            "transit_gateway_id": "",
                            "vpc_peering_connection_id": ""
                        },
                        "meta": {
                            "e2bfb730-ecaa-11e6-8f88-34363bc7c4c0": {
                                "create": 120000000000,
                                "delete": 300000000000
                            }
                        },
                        "tainted": false
                    },
                    "deposed": [],
                    "provider": "provider.aws"
                },
                "aws_route53_record.main": {
                    "type": "aws_route53_record",
                    "depends_on": [
                        "aws_lb.main",
                        "data.aws_route53_zone.main"
                    ],
                    "primary": {
                        "id": "Z9GQTCFPUR57J_gr-pl.com_A",
                        "attributes": {
                            "alias.#": "1",
                            "alias.1747367649.evaluate_target_health": "true",
                            "alias.1747367649.name": "handson-299926204.ap-northeast-1.elb.amazonaws.com",
                            "alias.1747367649.zone_id": "Z14GRHDCWA56QT",
                            "fqdn": "gr-pl.com",
                            "health_check_id": "",
                            "id": "Z9GQTCFPUR57J_gr-pl.com_A",
                            "name": "gr-pl.com",
                            "records.#": "0",
                            "set_identifier": "",
                            "ttl": "0",
                            "type": "A",
                            "zone_id": "Z9GQTCFPUR57J"
                        },
                        "meta": {
                            "schema_version": "2"
                        },
                        "tainted": false
                    },
                    "deposed": [],
                    "provider": "provider.aws"
                },
                "aws_route53_record.validation": {
                    "type": "aws_route53_record",
                    "depends_on": [
                        "aws_acm_certificate.main",
                        "data.aws_route53_zone.main"
                    ],
                    "primary": {
                        "id": "Z9GQTCFPUR57J__eda299437817ff24cdd3cf99854958d1.gr-pl.com._CNAME",
                        "attributes": {
                            "fqdn": "_eda299437817ff24cdd3cf99854958d1.gr-pl.com",
                            "health_check_id": "",
                            "id": "Z9GQTCFPUR57J__eda299437817ff24cdd3cf99854958d1.gr-pl.com._CNAME",
                            "name": "_eda299437817ff24cdd3cf99854958d1.gr-pl.com",
                            "records.#": "1",
                            "records.3913750328": "_6679bb58490c3b351025bf23105306a8.mzlfeqexyx.acm-validations.aws.",
                            "set_identifier": "",
                            "ttl": "60",
                            "type": "CNAME",
                            "zone_id": "Z9GQTCFPUR57J"
                        },
                        "meta": {
                            "schema_version": "2"
                        },
                        "tainted": false
                    },
                    "deposed": [],
                    "provider": "provider.aws"
                },
                "aws_route_table.private_1a": {
                    "type": "aws_route_table",
                    "depends_on": [
                        "aws_vpc.main"
                    ],
                    "primary": {
                        "id": "rtb-0941d33366bf0112d",
                        "attributes": {
                            "id": "rtb-0941d33366bf0112d",
                            "owner_id": "589663166469",
                            "propagating_vgws.#": "0",
                            "route.#": "1",
                            "route.1350119999.cidr_block": "0.0.0.0/0",
                            "route.1350119999.egress_only_gateway_id": "",
                            "route.1350119999.gateway_id": "",
                            "route.1350119999.instance_id": "",
                            "route.1350119999.ipv6_cidr_block": "",
                            "route.1350119999.nat_gateway_id": "nat-028844a7c2868de06",
                            "route.1350119999.network_interface_id": "",
                            "route.1350119999.transit_gateway_id": "",
                            "route.1350119999.vpc_peering_connection_id": "",
                            "tags.%": "1",
                            "tags.Name": "handson-private-1a",
                            "vpc_id": "vpc-032610d956deeee87"
                        },
                        "meta": {},
                        "tainted": false
                    },
                    "deposed": [],
                    "provider": "provider.aws"
                },
                "aws_route_table.private_1c": {
                    "type": "aws_route_table",
                    "depends_on": [
                        "aws_vpc.main"
                    ],
                    "primary": {
                        "id": "rtb-061e70ba951bd76db",
                        "attributes": {
                            "id": "rtb-061e70ba951bd76db",
                            "owner_id": "589663166469",
                            "propagating_vgws.#": "0",
                            "route.#": "1",
                            "route.2267150292.cidr_block": "0.0.0.0/0",
                            "route.2267150292.egress_only_gateway_id": "",
                            "route.2267150292.gateway_id": "",
                            "route.2267150292.instance_id": "",
                            "route.2267150292.ipv6_cidr_block": "",
                            "route.2267150292.nat_gateway_id": "nat-084ac1afb4a2261ba",
                            "route.2267150292.network_interface_id": "",
                            "route.2267150292.transit_gateway_id": "",
                            "route.2267150292.vpc_peering_connection_id": "",
                            "tags.%": "1",
                            "tags.Name": "handson-private-1c",
                            "vpc_id": "vpc-032610d956deeee87"
                        },
                        "meta": {},
                        "tainted": false
                    },
                    "deposed": [],
                    "provider": "provider.aws"
                },
                "aws_route_table.private_1d": {
                    "type": "aws_route_table",
                    "depends_on": [
                        "aws_vpc.main"
                    ],
                    "primary": {
                        "id": "rtb-015f4383b74a2bed1",
                        "attributes": {
                            "id": "rtb-015f4383b74a2bed1",
                            "owner_id": "589663166469",
                            "propagating_vgws.#": "0",
                            "route.#": "1",
                            "route.2818077050.cidr_block": "0.0.0.0/0",
                            "route.2818077050.egress_only_gateway_id": "",
                            "route.2818077050.gateway_id": "",
                            "route.2818077050.instance_id": "",
                            "route.2818077050.ipv6_cidr_block": "",
                            "route.2818077050.nat_gateway_id": "nat-075e9a55390883c41",
                            "route.2818077050.network_interface_id": "",
                            "route.2818077050.transit_gateway_id": "",
                            "route.2818077050.vpc_peering_connection_id": "",
                            "tags.%": "1",
                            "tags.Name": "handson-private-1d",
                            "vpc_id": "vpc-032610d956deeee87"
                        },
                        "meta": {},
                        "tainted": false
                    },
                    "deposed": [],
                    "provider": "provider.aws"
                },
                "aws_route_table.public": {
                    "type": "aws_route_table",
                    "depends_on": [
                        "aws_vpc.main"
                    ],
                    "primary": {
                        "id": "rtb-0fa2b989e734304fc",
                        "attributes": {
                            "id": "rtb-0fa2b989e734304fc",
                            "owner_id": "589663166469",
                            "propagating_vgws.#": "0",
                            "route.#": "1",
                            "route.1186273741.cidr_block": "0.0.0.0/0",
                            "route.1186273741.egress_only_gateway_id": "",
                            "route.1186273741.gateway_id": "igw-0189ece903344af5e",
                            "route.1186273741.instance_id": "",
                            "route.1186273741.ipv6_cidr_block": "",
                            "route.1186273741.nat_gateway_id": "",
                            "route.1186273741.network_interface_id": "",
                            "route.1186273741.transit_gateway_id": "",
                            "route.1186273741.vpc_peering_connection_id": "",
                            "tags.%": "1",
                            "tags.Name": "handson-public",
                            "vpc_id": "vpc-032610d956deeee87"
                        },
                        "meta": {},
                        "tainted": false
                    },
                    "deposed": [],
                    "provider": "provider.aws"
                },
                "aws_route_table_association.private_1a": {
                    "type": "aws_route_table_association",
                    "depends_on": [
                        "aws_route_table.private_1a",
                        "aws_subnet.private_1a"
                    ],
                    "primary": {
                        "id": "rtbassoc-0117286b0fe2fd9f2",
                        "attributes": {
                            "id": "rtbassoc-0117286b0fe2fd9f2",
                            "route_table_id": "rtb-0941d33366bf0112d",
                            "subnet_id": "subnet-06ed531b3bd323552"
                        },
                        "meta": {},
                        "tainted": false
                    },
                    "deposed": [],
                    "provider": "provider.aws"
                },
                "aws_route_table_association.private_1c": {
                    "type": "aws_route_table_association",
                    "depends_on": [
                        "aws_route_table.private_1c",
                        "aws_subnet.private_1c"
                    ],
                    "primary": {
                        "id": "rtbassoc-0e0a3ae5cbd955dd1",
                        "attributes": {
                            "id": "rtbassoc-0e0a3ae5cbd955dd1",
                            "route_table_id": "rtb-061e70ba951bd76db",
                            "subnet_id": "subnet-0a82e417bf40be5a5"
                        },
                        "meta": {},
                        "tainted": false
                    },
                    "deposed": [],
                    "provider": "provider.aws"
                },
                "aws_route_table_association.private_1d": {
                    "type": "aws_route_table_association",
                    "depends_on": [
                        "aws_route_table.private_1d",
                        "aws_subnet.private_1d"
                    ],
                    "primary": {
                        "id": "rtbassoc-06170ab4a1a3bfdce",
                        "attributes": {
                            "id": "rtbassoc-06170ab4a1a3bfdce",
                            "route_table_id": "rtb-015f4383b74a2bed1",
                            "subnet_id": "subnet-0760d78d3a7dd0f31"
                        },
                        "meta": {},
                        "tainted": false
                    },
                    "deposed": [],
                    "provider": "provider.aws"
                },
                "aws_route_table_association.public_1a": {
                    "type": "aws_route_table_association",
                    "depends_on": [
                        "aws_route_table.public",
                        "aws_subnet.public_1a"
                    ],
                    "primary": {
                        "id": "rtbassoc-08673372977af7481",
                        "attributes": {
                            "id": "rtbassoc-08673372977af7481",
                            "route_table_id": "rtb-0fa2b989e734304fc",
                            "subnet_id": "subnet-0f96c60467c04239b"
                        },
                        "meta": {},
                        "tainted": false
                    },
                    "deposed": [],
                    "provider": "provider.aws"
                },
                "aws_route_table_association.public_1c": {
                    "type": "aws_route_table_association",
                    "depends_on": [
                        "aws_route_table.public",
                        "aws_subnet.public_1c"
                    ],
                    "primary": {
                        "id": "rtbassoc-00d2e85954cf2d58b",
                        "attributes": {
                            "id": "rtbassoc-00d2e85954cf2d58b",
                            "route_table_id": "rtb-0fa2b989e734304fc",
                            "subnet_id": "subnet-08419796a0c3c7e6b"
                        },
                        "meta": {},
                        "tainted": false
                    },
                    "deposed": [],
                    "provider": "provider.aws"
                },
                "aws_route_table_association.public_1d": {
                    "type": "aws_route_table_association",
                    "depends_on": [
                        "aws_route_table.public",
                        "aws_subnet.public_1d"
                    ],
                    "primary": {
                        "id": "rtbassoc-024b193a050bb4a90",
                        "attributes": {
                            "id": "rtbassoc-024b193a050bb4a90",
                            "route_table_id": "rtb-0fa2b989e734304fc",
                            "subnet_id": "subnet-075e4bb0359ef1622"
                        },
                        "meta": {},
                        "tainted": false
                    },
                    "deposed": [],
                    "provider": "provider.aws"
                },
                "aws_security_group.alb": {
                    "type": "aws_security_group",
                    "depends_on": [
                        "aws_vpc.main"
                    ],
                    "primary": {
                        "id": "sg-085fc89441a209188",
                        "attributes": {
                            "arn": "arn:aws:ec2:ap-northeast-1:589663166469:security-group/sg-085fc89441a209188",
                            "description": "handson alb",
                            "egress.#": "1",
                            "egress.482069346.cidr_blocks.#": "1",
                            "egress.482069346.cidr_blocks.0": "0.0.0.0/0",
                            "egress.482069346.description": "",
                            "egress.482069346.from_port": "0",
                            "egress.482069346.ipv6_cidr_blocks.#": "0",
                            "egress.482069346.prefix_list_ids.#": "0",
                            "egress.482069346.protocol": "-1",
                            "egress.482069346.security_groups.#": "0",
                            "egress.482069346.self": "false",
                            "egress.482069346.to_port": "0",
                            "id": "sg-085fc89441a209188",
                            "ingress.#": "2",
                            "ingress.2214680975.cidr_blocks.#": "1",
                            "ingress.2214680975.cidr_blocks.0": "0.0.0.0/0",
                            "ingress.2214680975.description": "",
                            "ingress.2214680975.from_port": "80",
                            "ingress.2214680975.ipv6_cidr_blocks.#": "0",
                            "ingress.2214680975.prefix_list_ids.#": "0",
                            "ingress.2214680975.protocol": "tcp",
                            "ingress.2214680975.security_groups.#": "0",
                            "ingress.2214680975.self": "false",
                            "ingress.2214680975.to_port": "80",
                            "ingress.2617001939.cidr_blocks.#": "1",
                            "ingress.2617001939.cidr_blocks.0": "0.0.0.0/0",
                            "ingress.2617001939.description": "",
                            "ingress.2617001939.from_port": "443",
                            "ingress.2617001939.ipv6_cidr_blocks.#": "0",
                            "ingress.2617001939.prefix_list_ids.#": "0",
                            "ingress.2617001939.protocol": "tcp",
                            "ingress.2617001939.security_groups.#": "0",
                            "ingress.2617001939.self": "false",
                            "ingress.2617001939.to_port": "443",
                            "name": "handson-alb",
                            "owner_id": "589663166469",
                            "revoke_rules_on_delete": "false",
                            "tags.%": "1",
                            "tags.Name": "handson-alb",
                            "vpc_id": "vpc-032610d956deeee87"
                        },
                        "meta": {
                            "e2bfb730-ecaa-11e6-8f88-34363bc7c4c0": {
                                "create": 600000000000,
                                "delete": 600000000000
                            },
                            "schema_version": "1"
                        },
                        "tainted": false
                    },
                    "deposed": [],
                    "provider": "provider.aws"
                },
                "aws_security_group.ecs": {
                    "type": "aws_security_group",
                    "depends_on": [
                        "aws_vpc.main"
                    ],
                    "primary": {
                        "id": "sg-0830274f488afeeb8",
                        "attributes": {
                            "arn": "arn:aws:ec2:ap-northeast-1:589663166469:security-group/sg-0830274f488afeeb8",
                            "description": "handson ecs",
                            "egress.#": "1",
                            "egress.482069346.cidr_blocks.#": "1",
                            "egress.482069346.cidr_blocks.0": "0.0.0.0/0",
                            "egress.482069346.description": "",
                            "egress.482069346.from_port": "0",
                            "egress.482069346.ipv6_cidr_blocks.#": "0",
                            "egress.482069346.prefix_list_ids.#": "0",
                            "egress.482069346.protocol": "-1",
                            "egress.482069346.security_groups.#": "0",
                            "egress.482069346.self": "false",
                            "egress.482069346.to_port": "0",
                            "id": "sg-0830274f488afeeb8",
                            "ingress.#": "1",
                            "ingress.2952408921.cidr_blocks.#": "1",
                            "ingress.2952408921.cidr_blocks.0": "10.2.0.0/16",
                            "ingress.2952408921.description": "",
                            "ingress.2952408921.from_port": "80",
                            "ingress.2952408921.ipv6_cidr_blocks.#": "0",
                            "ingress.2952408921.prefix_list_ids.#": "0",
                            "ingress.2952408921.protocol": "tcp",
                            "ingress.2952408921.security_groups.#": "0",
                            "ingress.2952408921.self": "false",
                            "ingress.2952408921.to_port": "80",
                            "name": "handson-ecs",
                            "owner_id": "589663166469",
                            "revoke_rules_on_delete": "false",
                            "tags.%": "1",
                            "tags.Name": "handson-ecs",
                            "vpc_id": "vpc-032610d956deeee87"
                        },
                        "meta": {
                            "e2bfb730-ecaa-11e6-8f88-34363bc7c4c0": {
                                "create": 600000000000,
                                "delete": 600000000000
                            },
                            "schema_version": "1"
                        },
                        "tainted": false
                    },
                    "deposed": [],
                    "provider": "provider.aws"
                },
                "aws_security_group_rule.alb_http": {
                    "type": "aws_security_group_rule",
                    "depends_on": [
                        "aws_security_group.alb"
                    ],
                    "primary": {
                        "id": "sgrule-2268060266",
                        "attributes": {
                            "cidr_blocks.#": "1",
                            "cidr_blocks.0": "0.0.0.0/0",
                            "description": "",
                            "from_port": "80",
                            "id": "sgrule-2268060266",
                            "ipv6_cidr_blocks.#": "0",
                            "prefix_list_ids.#": "0",
                            "protocol": "tcp",
                            "security_group_id": "sg-085fc89441a209188",
                            "self": "false",
                            "to_port": "80",
                            "type": "ingress"
                        },
                        "meta": {
                            "schema_version": "2"
                        },
                        "tainted": false
                    },
                    "deposed": [],
                    "provider": "provider.aws"
                },
                "aws_security_group_rule.alb_https": {
                    "type": "aws_security_group_rule",
                    "depends_on": [
                        "aws_security_group.alb"
                    ],
                    "primary": {
                        "id": "sgrule-1597463866",
                        "attributes": {
                            "cidr_blocks.#": "1",
                            "cidr_blocks.0": "0.0.0.0/0",
                            "description": "",
                            "from_port": "443",
                            "id": "sgrule-1597463866",
                            "ipv6_cidr_blocks.#": "0",
                            "prefix_list_ids.#": "0",
                            "protocol": "tcp",
                            "security_group_id": "sg-085fc89441a209188",
                            "self": "false",
                            "to_port": "443",
                            "type": "ingress"
                        },
                        "meta": {
                            "schema_version": "2"
                        },
                        "tainted": false
                    },
                    "deposed": [],
                    "provider": "provider.aws"
                },
                "aws_security_group_rule.ecs": {
                    "type": "aws_security_group_rule",
                    "depends_on": [
                        "aws_security_group.ecs"
                    ],
                    "primary": {
                        "id": "sgrule-3297281752",
                        "attributes": {
                            "cidr_blocks.#": "1",
                            "cidr_blocks.0": "10.2.0.0/16",
                            "description": "",
                            "from_port": "80",
                            "id": "sgrule-3297281752",
                            "ipv6_cidr_blocks.#": "0",
                            "prefix_list_ids.#": "0",
                            "protocol": "tcp",
                            "security_group_id": "sg-0830274f488afeeb8",
                            "self": "false",
                            "to_port": "80",
                            "type": "ingress"
                        },
                        "meta": {
                            "schema_version": "2"
                        },
                        "tainted": false
                    },
                    "deposed": [],
                    "provider": "provider.aws"
                },
                "aws_subnet.private_1a": {
                    "type": "aws_subnet",
                    "depends_on": [
                        "aws_vpc.main"
                    ],
                    "primary": {
                        "id": "subnet-06ed531b3bd323552",
                        "attributes": {
                            "arn": "arn:aws:ec2:ap-northeast-1:589663166469:subnet/subnet-06ed531b3bd323552",
                            "assign_ipv6_address_on_creation": "false",
                            "availability_zone": "ap-northeast-1a",
                            "availability_zone_id": "apne1-az4",
                            "cidr_block": "10.2.10.0/24",
                            "id": "subnet-06ed531b3bd323552",
                            "ipv6_cidr_block": "",
                            "ipv6_cidr_block_association_id": "",
                            "map_public_ip_on_launch": "false",
                            "owner_id": "589663166469",
                            "tags.%": "1",
                            "tags.Name": "handson-private-1a",
                            "vpc_id": "vpc-032610d956deeee87"
                        },
                        "meta": {
                            "e2bfb730-ecaa-11e6-8f88-34363bc7c4c0": {
                                "create": 600000000000,
                                "delete": 1200000000000
                            },
                            "schema_version": "1"
                        },
                        "tainted": false
                    },
                    "deposed": [],
                    "provider": "provider.aws"
                },
                "aws_subnet.private_1c": {
                    "type": "aws_subnet",
                    "depends_on": [
                        "aws_vpc.main"
                    ],
                    "primary": {
                        "id": "subnet-0a82e417bf40be5a5",
                        "attributes": {
                            "arn": "arn:aws:ec2:ap-northeast-1:589663166469:subnet/subnet-0a82e417bf40be5a5",
                            "assign_ipv6_address_on_creation": "false",
                            "availability_zone": "ap-northeast-1c",
                            "availability_zone_id": "apne1-az1",
                            "cidr_block": "10.2.20.0/24",
                            "id": "subnet-0a82e417bf40be5a5",
                            "ipv6_cidr_block": "",
                            "ipv6_cidr_block_association_id": "",
                            "map_public_ip_on_launch": "false",
                            "owner_id": "589663166469",
                            "tags.%": "1",
                            "tags.Name": "handson-private-1c",
                            "vpc_id": "vpc-032610d956deeee87"
                        },
                        "meta": {
                            "e2bfb730-ecaa-11e6-8f88-34363bc7c4c0": {
                                "create": 600000000000,
                                "delete": 1200000000000
                            },
                            "schema_version": "1"
                        },
                        "tainted": false
                    },
                    "deposed": [],
                    "provider": "provider.aws"
                },
                "aws_subnet.private_1d": {
                    "type": "aws_subnet",
                    "depends_on": [
                        "aws_vpc.main"
                    ],
                    "primary": {
                        "id": "subnet-0760d78d3a7dd0f31",
                        "attributes": {
                            "arn": "arn:aws:ec2:ap-northeast-1:589663166469:subnet/subnet-0760d78d3a7dd0f31",
                            "assign_ipv6_address_on_creation": "false",
                            "availability_zone": "ap-northeast-1d",
                            "availability_zone_id": "apne1-az2",
                            "cidr_block": "10.2.30.0/24",
                            "id": "subnet-0760d78d3a7dd0f31",
                            "ipv6_cidr_block": "",
                            "ipv6_cidr_block_association_id": "",
                            "map_public_ip_on_launch": "false",
                            "owner_id": "589663166469",
                            "tags.%": "1",
                            "tags.Name": "handson-private-1d",
                            "vpc_id": "vpc-032610d956deeee87"
                        },
                        "meta": {
                            "e2bfb730-ecaa-11e6-8f88-34363bc7c4c0": {
                                "create": 600000000000,
                                "delete": 1200000000000
                            },
                            "schema_version": "1"
                        },
                        "tainted": false
                    },
                    "deposed": [],
                    "provider": "provider.aws"
                },
                "aws_subnet.public_1a": {
                    "type": "aws_subnet",
                    "depends_on": [
                        "aws_vpc.main"
                    ],
                    "primary": {
                        "id": "subnet-0f96c60467c04239b",
                        "attributes": {
                            "arn": "arn:aws:ec2:ap-northeast-1:589663166469:subnet/subnet-0f96c60467c04239b",
                            "assign_ipv6_address_on_creation": "false",
                            "availability_zone": "ap-northeast-1a",
                            "availability_zone_id": "apne1-az4",
                            "cidr_block": "10.2.1.0/24",
                            "id": "subnet-0f96c60467c04239b",
                            "ipv6_cidr_block": "",
                            "ipv6_cidr_block_association_id": "",
                            "map_public_ip_on_launch": "false",
                            "owner_id": "589663166469",
                            "tags.%": "1",
                            "tags.Name": "handson-public-1a",
                            "vpc_id": "vpc-032610d956deeee87"
                        },
                        "meta": {
                            "e2bfb730-ecaa-11e6-8f88-34363bc7c4c0": {
                                "create": 600000000000,
                                "delete": 1200000000000
                            },
                            "schema_version": "1"
                        },
                        "tainted": false
                    },
                    "deposed": [],
                    "provider": "provider.aws"
                },
                "aws_subnet.public_1c": {
                    "type": "aws_subnet",
                    "depends_on": [
                        "aws_vpc.main"
                    ],
                    "primary": {
                        "id": "subnet-08419796a0c3c7e6b",
                        "attributes": {
                            "arn": "arn:aws:ec2:ap-northeast-1:589663166469:subnet/subnet-08419796a0c3c7e6b",
                            "assign_ipv6_address_on_creation": "false",
                            "availability_zone": "ap-northeast-1c",
                            "availability_zone_id": "apne1-az1",
                            "cidr_block": "10.2.2.0/24",
                            "id": "subnet-08419796a0c3c7e6b",
                            "ipv6_cidr_block": "",
                            "ipv6_cidr_block_association_id": "",
                            "map_public_ip_on_launch": "false",
                            "owner_id": "589663166469",
                            "tags.%": "1",
                            "tags.Name": "handson-public-1c",
                            "vpc_id": "vpc-032610d956deeee87"
                        },
                        "meta": {
                            "e2bfb730-ecaa-11e6-8f88-34363bc7c4c0": {
                                "create": 600000000000,
                                "delete": 1200000000000
                            },
                            "schema_version": "1"
                        },
                        "tainted": false
                    },
                    "deposed": [],
                    "provider": "provider.aws"
                },
                "aws_subnet.public_1d": {
                    "type": "aws_subnet",
                    "depends_on": [
                        "aws_vpc.main"
                    ],
                    "primary": {
                        "id": "subnet-075e4bb0359ef1622",
                        "attributes": {
                            "arn": "arn:aws:ec2:ap-northeast-1:589663166469:subnet/subnet-075e4bb0359ef1622",
                            "assign_ipv6_address_on_creation": "false",
                            "availability_zone": "ap-northeast-1d",
                            "availability_zone_id": "apne1-az2",
                            "cidr_block": "10.2.3.0/24",
                            "id": "subnet-075e4bb0359ef1622",
                            "ipv6_cidr_block": "",
                            "ipv6_cidr_block_association_id": "",
                            "map_public_ip_on_launch": "false",
                            "owner_id": "589663166469",
                            "tags.%": "1",
                            "tags.Name": "handson-public-1d",
                            "vpc_id": "vpc-032610d956deeee87"
                        },
                        "meta": {
                            "e2bfb730-ecaa-11e6-8f88-34363bc7c4c0": {
                                "create": 600000000000,
                                "delete": 1200000000000
                            },
                            "schema_version": "1"
                        },
                        "tainted": false
                    },
                    "deposed": [],
                    "provider": "provider.aws"
                },
                "aws_vpc.main": {
                    "type": "aws_vpc",
                    "depends_on": [],
                    "primary": {
                        "id": "vpc-032610d956deeee87",
                        "attributes": {
                            "arn": "arn:aws:ec2:ap-northeast-1:589663166469:vpc/vpc-032610d956deeee87",
                            "assign_generated_ipv6_cidr_block": "false",
                            "cidr_block": "10.2.0.0/16",
                            "default_network_acl_id": "acl-0df1e51e5a0acc688",
                            "default_route_table_id": "rtb-0dc253c40286ad0a5",
                            "default_security_group_id": "sg-0b3615c7136f08487",
                            "dhcp_options_id": "dopt-bb1c38dc",
                            "enable_classiclink": "false",
                            "enable_classiclink_dns_support": "false",
                            "enable_dns_hostnames": "false",
                            "enable_dns_support": "true",
                            "id": "vpc-032610d956deeee87",
                            "instance_tenancy": "default",
                            "ipv6_association_id": "",
                            "ipv6_cidr_block": "",
                            "main_route_table_id": "rtb-0dc253c40286ad0a5",
                            "owner_id": "589663166469",
                            "tags.%": "1",
                            "tags.Name": "handson"
                        },
                        "meta": {
                            "schema_version": "1"
                        },
                        "tainted": false
                    },
                    "deposed": [],
                    "provider": "provider.aws"
                },
                "data.aws_route53_zone.main": {
                    "type": "aws_route53_zone",
                    "depends_on": [],
                    "primary": {
                        "id": "Z9GQTCFPUR57J",
                        "attributes": {
                            "caller_reference": "RISWorkflow-RD:fa134d72-35f9-4bdc-b196-6595fcd20d8a",
                            "comment": "HostedZone created by Route53 Registrar",
                            "id": "Z9GQTCFPUR57J",
                            "name": "gr-pl.com.",
                            "name_servers.#": "4",
                            "name_servers.0": "ns-1596.awsdns-07.co.uk",
                            "name_servers.1": "ns-1009.awsdns-62.net",
                            "name_servers.2": "ns-1339.awsdns-39.org",
                            "name_servers.3": "ns-311.awsdns-38.com",
                            "private_zone": "false",
                            "resource_record_set_count": "4",
                            "zone_id": "Z9GQTCFPUR57J"
                        },
                        "meta": {},
                        "tainted": false
                    },
                    "deposed": [],
                    "provider": "provider.aws"
                }
            },
            "depends_on": []
        }
    ]
}
